
Microsoft Visual Studio Solution File, Format Version 12.00
# Visual Studio Version 16
VisualStudioVersion = 16.0.32228.343
MinimumVisualStudioVersion = 10.0.40219.1
Project("{FAE04EC0-301F-11D3-BF4B-00C04F79EFBC}") = "project", "project\project.csproj", "{27BE737D-257E-450D-A3A7-04720786D7A3}"
EndProject
Global
	GlobalSection(SolutionConfigurationPlatforms) = preSolution
		Debug|Any CPU = Debug|Any CPU
		Release|Any CPU = Release|Any CPU
	EndGlobalSection
	GlobalSection(ProjectConfigurationPlatforms) = postSolution
		{27BE737D-257E-450D-A3A7-04720786D7A3}.Debug|Any CPU.ActiveCfg = Debug|Any CPU
		{27BE737D-257E-450D-A3A7-04720786D7A3}.Debug|Any CPU.Build.0 = Debug|Any CPU
		{27BE737D-257E-450D-A3A7-04720786D7A3}.Release|Any CPU.ActiveCfg = Release|Any CPU
		{27BE737D-257E-450D-A3A7-04720786D7A3}.Release|Any CPU.Build.0 = Release|Any CPU
	EndGlobalSection
	GlobalSection(SolutionProperties) = preSolution
		HideSolutionNode = FALSE
	EndGlobalSection
	GlobalSection(ExtensibilityGlobals) = postSolution
		SolutionGuid = {81E7A1BF-6AAE-4454-B617-13FD82177D10}
	EndGlobalSection
EndGlobal
